# This file is autogenerated, do not edit; changes may be undone by the next 'dep ensure'.


[[projects]]
  branch = "master"
  name = "github.com/gopherjs/gopherjs"
  packages = ["js"]
  revision = "296de816d4fe28b61803072c3f89360e9d1823ff"

[[projects]]
  name = "github.com/gorilla/context"
  packages = ["."]
  revision = "1ea25387ff6f684839d82767c1733ff4d4d15d0a"
  version = "v1.1"

[[projects]]
  name = "github.com/gorilla/mux"
  packages = ["."]
  revision = "53c1911da2b537f792e7cafcb446b05ffe33b996"
  version = "v1.6.1"

[[projects]]
  branch = "master"
  name = "github.com/hajimehoshi/go-mp3"
  packages = [
    ".",
    "internal/bits",
    "internal/consts",
    "internal/frame",
    "internal/frameheader",
    "internal/huffman",
    "internal/imdct",
    "internal/maindata",
    "internal/sideinfo"
  ]
  revision = "3c185f92b8dbceefa913b64cae634ba47f452769"

[[projects]]
  branch = "master"
  name = "github.com/hajimehoshi/oto"
  packages = [
    ".",
    "internal/jni"
  ]
  revision = "e2f7012830c68205e59a6663c6e2398f6f778629"

[[projects]]
  name = "github.com/stianeikeland/go-rpio"
  packages = ["."]
  revision = "a6b0dffd47b6b1ddf7f1bfe2144f05bf335e911d"
  version = "4.0.0"

[solve-meta]
  analyzer-name = "dep"
  analyzer-version = 1
  inputs-digest = "b72c8230ddcbd7b1764e6e47696b9addd2aac30e3bedd7cacf84af96772c30b5"
  solver-name = "gps-cdcl"
  solver-version = 1
